
Microsoft Visual Studio Solution File, Format Version 12.00
# Visual Studio Version 17
VisualStudioVersion = 17.5.33502.453
MinimumVisualStudioVersion = 10.0.40219.1
Project("{9A19103F-16F7-4668-BE54-9A1E7A4F7556}") = "SimVillage", "SimVillage\SimVillage.csproj", "{18DF14BB-AC67-47C0-929E-253660F5B5AF}"
EndProject
Project("{9A19103F-16F7-4668-BE54-9A1E7A4F7556}") = "SimVillage.Model", "SimVillage.Model\SimVillage.Model.csproj", "{0C6641D5-20C3-4B14-AF90-B60E878FA71B}"
EndProject
Global
	GlobalSection(SolutionConfigurationPlatforms) = preSolution
		Debug|Any CPU = Debug|Any CPU
		Release|Any CPU = Release|Any CPU
	EndGlobalSection
	GlobalSection(ProjectConfigurationPlatforms) = postSolution
		{18DF14BB-AC67-47C0-929E-253660F5B5AF}.Debug|Any CPU.ActiveCfg = Debug|Any CPU
		{18DF14BB-AC67-47C0-929E-253660F5B5AF}.Debug|Any CPU.Build.0 = Debug|Any CPU
		{18DF14BB-AC67-47C0-929E-253660F5B5AF}.Release|Any CPU.ActiveCfg = Release|Any CPU
		{18DF14BB-AC67-47C0-929E-253660F5B5AF}.Release|Any CPU.Build.0 = Release|Any CPU
		{0C6641D5-20C3-4B14-AF90-B60E878FA71B}.Debug|Any CPU.ActiveCfg = Debug|Any CPU
		{0C6641D5-20C3-4B14-AF90-B60E878FA71B}.Debug|Any CPU.Build.0 = Debug|Any CPU
		{0C6641D5-20C3-4B14-AF90-B60E878FA71B}.Release|Any CPU.ActiveCfg = Release|Any CPU
		{0C6641D5-20C3-4B14-AF90-B60E878FA71B}.Release|Any CPU.Build.0 = Release|Any CPU
	EndGlobalSection
	GlobalSection(SolutionProperties) = preSolution
		HideSolutionNode = FALSE
	EndGlobalSection
	GlobalSection(ExtensibilityGlobals) = postSolution
		SolutionGuid = {7D4C0A02-7CB3-4CEB-A097-5944F2E5C901}
	EndGlobalSection
EndGlobal
